
Microsoft Visual Studio Solution File, Format Version 12.00
# Visual Studio 15
VisualStudioVersion = 15.0.28010.2048
MinimumVisualStudioVersion = 10.0.40219.1
Project("{FAE04EC0-301F-11D3-BF4B-00C04F79EFBC}") = "Lab 1", "Lab 1\Lab 1.csproj", "{3D6F2C6F-9214-4D8F-950B-93F75EEF0CFE}"
EndProject
Global
	GlobalSection(SolutionConfigurationPlatforms) = preSolution
		Debug|Any CPU = Debug|Any CPU
		Release|Any CPU = Release|Any CPU
	EndGlobalSection
	GlobalSection(ProjectConfigurationPlatforms) = postSolution
		{3D6F2C6F-9214-4D8F-950B-93F75EEF0CFE}.Debug|Any CPU.ActiveCfg = Debug|Any CPU
		{3D6F2C6F-9214-4D8F-950B-93F75EEF0CFE}.Debug|Any CPU.Build.0 = Debug|Any CPU
		{3D6F2C6F-9214-4D8F-950B-93F75EEF0CFE}.Release|Any CPU.ActiveCfg = Release|Any CPU
		{3D6F2C6F-9214-4D8F-950B-93F75EEF0CFE}.Release|Any CPU.Build.0 = Release|Any CPU
	EndGlobalSection
	GlobalSection(SolutionProperties) = preSolution
		HideSolutionNode = FALSE
	EndGlobalSection
	GlobalSection(ExtensibilityGlobals) = postSolution
		SolutionGuid = {E4EF94E6-4766-43B4-9B9F-1CEF58F9F3BE}
	EndGlobalSection
EndGlobal
